
Microsoft Visual Studio Solution File, Format Version 12.00
# Visual Studio Version 17
VisualStudioVersion = 17.0.31903.59
MinimumVisualStudioVersion = 10.0.40219.1
Project("{2150E333-8FDC-42A3-9474-1A3956D46DE8}") = "src", "src", "{827E0CD3-B72D-47B6-A68D-7590B98EB39B}"
EndProject
Project("{FAE04EC0-301F-11D3-BF4B-00C04F79EFBC}") = "CCL.MES.Shared", "src\CCL.MES.Shared\CCL.MES.Shared.csproj", "{6D164D37-43E5-4015-8480-8E9BF6B5F56C}"
EndProject
Project("{FAE04EC0-301F-11D3-BF4B-00C04F79EFBC}") = "CCL.MES.Api", "src\CCL.MES.Api\CCL.MES.Api.csproj", "{44107936-3332-42AD-8A24-98F476CBB4BD}"
EndProject
Project("{2150E333-8FDC-42A3-9474-1A3956D46DE8}") = "tests", "tests", "{0AB3BF05-4346-4AA6-1389-037BE0695223}"
EndProject
Project("{FAE04EC0-301F-11D3-BF4B-00C04F79EFBC}") = "CCL.MES.Api.Tests", "tests\CCL.MES.Api.Tests\CCL.MES.Api.Tests.csproj", "{73388A75-1A0C-4A15-B222-5BA1C26CB923}"
EndProject
Project("{FAE04EC0-301F-11D3-BF4B-00C04F79EFBC}") = "CCL.MES.Hybrid.Client", "src\CCL.MES.Hybrid.Client\CCL.MES.Hybrid.Client.csproj", "{F3E490D1-07F8-4C6C-98A0-64CE206E8F12}"
EndProject
Project("{FAE04EC0-301F-11D3-BF4B-00C04F79EFBC}") = "CCL.MES.Hybrid.Razor", "src\CCL.MES.Hybrid.Razor\CCL.MES.Hybrid.Razor.csproj", "{FE34DDE5-8AF7-4C23-BFCE-E60397E039E4}"
EndProject
Project("{FAE04EC0-301F-11D3-BF4B-00C04F79EFBC}") = "CCL.MES.Hybrid", "src\CCL.MES.Hybrid\CCL.MES.Hybrid.csproj", "{19D64086-4740-4CAD-A6AD-57217AE4EC39}"
EndProject
Project("{FAE04EC0-301F-11D3-BF4B-00C04F79EFBC}") = "CCL.MES.Hybrid.Client.Tests", "tests\CCL.MES.Hybrid.Client.Tests\CCL.MES.Hybrid.Client.Tests.csproj", "{83C110DE-46E2-45E6-A5EF-3EFF7D30041E}"
EndProject
Global
	GlobalSection(SolutionConfigurationPlatforms) = preSolution
		Debug|Any CPU = Debug|Any CPU
		Debug|x64 = Debug|x64
		Debug|x86 = Debug|x86
		Release|Any CPU = Release|Any CPU
		Release|x64 = Release|x64
		Release|x86 = Release|x86
	EndGlobalSection
	GlobalSection(ProjectConfigurationPlatforms) = postSolution
		{6D164D37-43E5-4015-8480-8E9BF6B5F56C}.Debug|Any CPU.ActiveCfg = Debug|Any CPU
		{6D164D37-43E5-4015-8480-8E9BF6B5F56C}.Debug|Any CPU.Build.0 = Debug|Any CPU
		{6D164D37-43E5-4015-8480-8E9BF6B5F56C}.Debug|x64.ActiveCfg = Debug|Any CPU
		{6D164D37-43E5-4015-8480-8E9BF6B5F56C}.Debug|x64.Build.0 = Debug|Any CPU
		{6D164D37-43E5-4015-8480-8E9BF6B5F56C}.Debug|x86.ActiveCfg = Debug|Any CPU
		{6D164D37-43E5-4015-8480-8E9BF6B5F56C}.Debug|x86.Build.0 = Debug|Any CPU
		{6D164D37-43E5-4015-8480-8E9BF6B5F56C}.Release|Any CPU.ActiveCfg = Release|Any CPU
		{6D164D37-43E5-4015-8480-8E9BF6B5F56C}.Release|Any CPU.Build.0 = Release|Any CPU
		{6D164D37-43E5-4015-8480-8E9BF6B5F56C}.Release|x64.ActiveCfg = Release|Any CPU
		{6D164D37-43E5-4015-8480-8E9BF6B5F56C}.Release|x64.Build.0 = Release|Any CPU
		{6D164D37-43E5-4015-8480-8E9BF6B5F56C}.Release|x86.ActiveCfg = Release|Any CPU
		{6D164D37-43E5-4015-8480-8E9BF6B5F56C}.Release|x86.Build.0 = Release|Any CPU
		{44107936-3332-42AD-8A24-98F476CBB4BD}.Debug|Any CPU.ActiveCfg = Debug|Any CPU
		{44107936-3332-42AD-8A24-98F476CBB4BD}.Debug|Any CPU.Build.0 = Debug|Any CPU
		{44107936-3332-42AD-8A24-98F476CBB4BD}.Debug|x64.ActiveCfg = Debug|Any CPU
		{44107936-3332-42AD-8A24-98F476CBB4BD}.Debug|x64.Build.0 = Debug|Any CPU
		{44107936-3332-42AD-8A24-98F476CBB4BD}.Debug|x86.ActiveCfg = Debug|Any CPU
		{44107936-3332-42AD-8A24-98F476CBB4BD}.Debug|x86.Build.0 = Debug|Any CPU
		{44107936-3332-42AD-8A24-98F476CBB4BD}.Release|Any CPU.ActiveCfg = Release|Any CPU
		{44107936-3332-42AD-8A24-98F476CBB4BD}.Release|Any CPU.Build.0 = Release|Any CPU
		{44107936-3332-42AD-8A24-98F476CBB4BD}.Release|x64.ActiveCfg = Release|Any CPU
		{44107936-3332-42AD-8A24-98F476CBB4BD}.Release|x64.Build.0 = Release|Any CPU
		{44107936-3332-42AD-8A24-98F476CBB4BD}.Release|x86.ActiveCfg = Release|Any CPU
		{44107936-3332-42AD-8A24-98F476CBB4BD}.Release|x86.Build.0 = Release|Any CPU
		{73388A75-1A0C-4A15-B222-5BA1C26CB923}.Debug|Any CPU.ActiveCfg = Debug|Any CPU
		{73388A75-1A0C-4A15-B222-5BA1C26CB923}.Debug|Any CPU.Build.0 = Debug|Any CPU
		{73388A75-1A0C-4A15-B222-5BA1C26CB923}.Debug|x64.ActiveCfg = Debug|Any CPU
		{73388A75-1A0C-4A15-B222-5BA1C26CB923}.Debug|x64.Build.0 = Debug|Any CPU
		{73388A75-1A0C-4A15-B222-5BA1C26CB923}.Debug|x86.ActiveCfg = Debug|Any CPU
		{73388A75-1A0C-4A15-B222-5BA1C26CB923}.Debug|x86.Build.0 = Debug|Any CPU
		{73388A75-1A0C-4A15-B222-5BA1C26CB923}.Release|Any CPU.ActiveCfg = Release|Any CPU
		{73388A75-1A0C-4A15-B222-5BA1C26CB923}.Release|Any CPU.Build.0 = Release|Any CPU
		{73388A75-1A0C-4A15-B222-5BA1C26CB923}.Release|x64.ActiveCfg = Release|Any CPU
		{73388A75-1A0C-4A15-B222-5BA1C26CB923}.Release|x64.Build.0 = Release|Any CPU
		{73388A75-1A0C-4A15-B222-5BA1C26CB923}.Release|x86.ActiveCfg = Release|Any CPU
		{73388A75-1A0C-4A15-B222-5BA1C26CB923}.Release|x86.Build.0 = Release|Any CPU
		{F3E490D1-07F8-4C6C-98A0-64CE206E8F12}.Debug|Any CPU.ActiveCfg = Debug|Any CPU
		{F3E490D1-07F8-4C6C-98A0-64CE206E8F12}.Debug|Any CPU.Build.0 = Debug|Any CPU
		{F3E490D1-07F8-4C6C-98A0-64CE206E8F12}.Debug|x64.ActiveCfg = Debug|Any CPU
		{F3E490D1-07F8-4C6C-98A0-64CE206E8F12}.Debug|x64.Build.0 = Debug|Any CPU
		{F3E490D1-07F8-4C6C-98A0-64CE206E8F12}.Debug|x86.ActiveCfg = Debug|Any CPU
		{F3E490D1-07F8-4C6C-98A0-64CE206E8F12}.Debug|x86.Build.0 = Debug|Any CPU
		{F3E490D1-07F8-4C6C-98A0-64CE206E8F12}.Release|Any CPU.ActiveCfg = Release|Any CPU
		{F3E490D1-07F8-4C6C-98A0-64CE206E8F12}.Release|Any CPU.Build.0 = Release|Any CPU
		{F3E490D1-07F8-4C6C-98A0-64CE206E8F12}.Release|x64.ActiveCfg = Release|Any CPU
		{F3E490D1-07F8-4C6C-98A0-64CE206E8F12}.Release|x64.Build.0 = Release|Any CPU
		{F3E490D1-07F8-4C6C-98A0-64CE206E8F12}.Release|x86.ActiveCfg = Release|Any CPU
		{F3E490D1-07F8-4C6C-98A0-64CE206E8F12}.Release|x86.Build.0 = Release|Any CPU
		{FE34DDE5-8AF7-4C23-BFCE-E60397E039E4}.Debug|Any CPU.ActiveCfg = Debug|Any CPU
		{FE34DDE5-8AF7-4C23-BFCE-E60397E039E4}.Debug|Any CPU.Build.0 = Debug|Any CPU
		{FE34DDE5-8AF7-4C23-BFCE-E60397E039E4}.Debug|x64.ActiveCfg = Debug|Any CPU
		{FE34DDE5-8AF7-4C23-BFCE-E60397E039E4}.Debug|x64.Build.0 = Debug|Any CPU
		{FE34DDE5-8AF7-4C23-BFCE-E60397E039E4}.Debug|x86.ActiveCfg = Debug|Any CPU
		{FE34DDE5-8AF7-4C23-BFCE-E60397E039E4}.Debug|x86.Build.0 = Debug|Any CPU
		{FE34DDE5-8AF7-4C23-BFCE-E60397E039E4}.Release|Any CPU.ActiveCfg = Release|Any CPU
		{FE34DDE5-8AF7-4C23-BFCE-E60397E039E4}.Release|Any CPU.Build.0 = Release|Any CPU
		{FE34DDE5-8AF7-4C23-BFCE-E60397E039E4}.Release|x64.ActiveCfg = Release|Any CPU
		{FE34DDE5-8AF7-4C23-BFCE-E60397E039E4}.Release|x64.Build.0 = Release|Any CPU
		{FE34DDE5-8AF7-4C23-BFCE-E60397E039E4}.Release|x86.ActiveCfg = Release|Any CPU
		{FE34DDE5-8AF7-4C23-BFCE-E60397E039E4}.Release|x86.Build.0 = Release|Any CPU
		{19D64086-4740-4CAD-A6AD-57217AE4EC39}.Debug|Any CPU.ActiveCfg = Debug|Any CPU
		{19D64086-4740-4CAD-A6AD-57217AE4EC39}.Debug|Any CPU.Build.0 = Debug|Any CPU
		{19D64086-4740-4CAD-A6AD-57217AE4EC39}.Debug|x64.ActiveCfg = Debug|Any CPU
		{19D64086-4740-4CAD-A6AD-57217AE4EC39}.Debug|x64.Build.0 = Debug|Any CPU
		{19D64086-4740-4CAD-A6AD-57217AE4EC39}.Debug|x86.ActiveCfg = Debug|Any CPU
		{19D64086-4740-4CAD-A6AD-57217AE4EC39}.Debug|x86.Build.0 = Debug|Any CPU
		{19D64086-4740-4CAD-A6AD-57217AE4EC39}.Release|Any CPU.ActiveCfg = Release|Any CPU
		{19D64086-4740-4CAD-A6AD-57217AE4EC39}.Release|Any CPU.Build.0 = Release|Any CPU
		{19D64086-4740-4CAD-A6AD-57217AE4EC39}.Release|x64.ActiveCfg = Release|Any CPU
		{19D64086-4740-4CAD-A6AD-57217AE4EC39}.Release|x64.Build.0 = Release|Any CPU
		{19D64086-4740-4CAD-A6AD-57217AE4EC39}.Release|x86.ActiveCfg = Release|Any CPU
		{19D64086-4740-4CAD-A6AD-57217AE4EC39}.Release|x86.Build.0 = Release|Any CPU
		{83C110DE-46E2-45E6-A5EF-3EFF7D30041E}.Debug|Any CPU.ActiveCfg = Debug|Any CPU
		{83C110DE-46E2-45E6-A5EF-3EFF7D30041E}.Debug|Any CPU.Build.0 = Debug|Any CPU
		{83C110DE-46E2-45E6-A5EF-3EFF7D30041E}.Debug|x64.ActiveCfg = Debug|Any CPU
		{83C110DE-46E2-45E6-A5EF-3EFF7D30041E}.Debug|x64.Build.0 = Debug|Any CPU
		{83C110DE-46E2-45E6-A5EF-3EFF7D30041E}.Debug|x86.ActiveCfg = Debug|Any CPU
		{83C110DE-46E2-45E6-A5EF-3EFF7D30041E}.Debug|x86.Build.0 = Debug|Any CPU
		{83C110DE-46E2-45E6-A5EF-3EFF7D30041E}.Release|Any CPU.ActiveCfg = Release|Any CPU
		{83C110DE-46E2-45E6-A5EF-3EFF7D30041E}.Release|Any CPU.Build.0 = Release|Any CPU
		{83C110DE-46E2-45E6-A5EF-3EFF7D30041E}.Release|x64.ActiveCfg = Release|Any CPU
		{83C110DE-46E2-45E6-A5EF-3EFF7D30041E}.Release|x64.Build.0 = Release|Any CPU
		{83C110DE-46E2-45E6-A5EF-3EFF7D30041E}.Release|x86.ActiveCfg = Release|Any CPU
		{83C110DE-46E2-45E6-A5EF-3EFF7D30041E}.Release|x86.Build.0 = Release|Any CPU
	EndGlobalSection
	GlobalSection(SolutionProperties) = preSolution
		HideSolutionNode = FALSE
	EndGlobalSection
	GlobalSection(NestedProjects) = preSolution
		{6D164D37-43E5-4015-8480-8E9BF6B5F56C} = {827E0CD3-B72D-47B6-A68D-7590B98EB39B}
		{44107936-3332-42AD-8A24-98F476CBB4BD} = {827E0CD3-B72D-47B6-A68D-7590B98EB39B}
		{73388A75-1A0C-4A15-B222-5BA1C26CB923} = {0AB3BF05-4346-4AA6-1389-037BE0695223}
		{F3E490D1-07F8-4C6C-98A0-64CE206E8F12} = {827E0CD3-B72D-47B6-A68D-7590B98EB39B}
		{FE34DDE5-8AF7-4C23-BFCE-E60397E039E4} = {827E0CD3-B72D-47B6-A68D-7590B98EB39B}
		{19D64086-4740-4CAD-A6AD-57217AE4EC39} = {827E0CD3-B72D-47B6-A68D-7590B98EB39B}
		{83C110DE-46E2-45E6-A5EF-3EFF7D30041E} = {0AB3BF05-4346-4AA6-1389-037BE0695223}
	EndGlobalSection
EndGlobal
